// !$*UTF8*$!
{
	archiveVersion = 1;
	classes = {
	};
	objectVersion = 48;
	objects = {

/* Begin PBXBuildFile section */
		B9A4909D1FA3CD33008199C2 /* JokeViewController.swift in Sources */ = {isa = PBXBuildFile; fileRef = B9A4909C1FA3CD33008199C2 /* JokeViewController.swift */; };
		B9A4909F1FA3DF71008199C2 /* AnimeViewController.swift in Sources */ = {isa = PBXBuildFile; fileRef = B9A4909E1FA3DF71008199C2 /* AnimeViewController.swift */; };
		B9BCAB231FA2EFD9007F9E76 /* AppDelegate.swift in Sources */ = {isa = PBXBuildFile; fileRef = B9BCAB221FA2EFD9007F9E76 /* AppDelegate.swift */; };
		B9BCAB251FA2EFD9007F9E76 /* ViewController.swift in Sources */ = {isa = PBXBuildFile; fileRef = B9BCAB241FA2EFD9007F9E76 /* ViewController.swift */; };
		B9BCAB281FA2EFD9007F9E76 /* Main.storyboard in Resources */ = {isa = PBXBuildFile; fileRef = B9BCAB261FA2EFD9007F9E76 /* Main.storyboard */; };
		B9BCAB2A1FA2EFD9007F9E76 /* Assets.xcassets in Resources */ = {isa = PBXBuildFile; fileRef = B9BCAB291FA2EFD9007F9E76 /* Assets.xcassets */; };
		B9BCAB2D1FA2EFD9007F9E76 /* LaunchScreen.storyboard in Resources */ = {isa = PBXBuildFile; fileRef = B9BCAB2B1FA2EFD9007F9E76 /* LaunchScreen.storyboard */; };
		B9BCAB351FA38712007F9E76 /* jsonParsonDecodableViewController.swift in Sources */ = {isa = PBXBuildFile; fileRef = B9BCAB341FA38712007F9E76 /* jsonParsonDecodableViewController.swift */; };
/* End PBXBuildFile section */

/* Begin PBXFileReference section */
		B9A4909C1FA3CD33008199C2 /* JokeViewController.swift */ = {isa = PBXFileReference; lastKnownFileType = sourcecode.swift; path = JokeViewController.swift; sourceTree = "<group>"; };
		B9A4909E1FA3DF71008199C2 /* AnimeViewController.swift */ = {isa = PBXFileReference; lastKnownFileType = sourcecode.swift; path = AnimeViewController.swift; sourceTree = "<group>"; };
		B9BCAB1F1FA2EFD9007F9E76 /* parsingJSON.app */ = {isa = PBXFileReference; explicitFileType = wrapper.application; includeInIndex = 0; path = parsingJSON.app; sourceTree = BUILT_PRODUCTS_DIR; };
		B9BCAB221FA2EFD9007F9E76 /* AppDelegate.swift */ = {isa = PBXFileReference; lastKnownFileType = sourcecode.swift; path = AppDelegate.swift; sourceTree = "<group>"; };
		B9BCAB241FA2EFD9007F9E76 /* ViewController.swift */ = {isa = PBXFileReference; lastKnownFileType = sourcecode.swift; path = ViewController.swift; sourceTree = "<group>"; };
		B9BCAB271FA2EFD9007F9E76 /* Base */ = {isa = PBXFileReference; lastKnownFileType = file.storyboard; name = Base; path = Base.lproj/Main.storyboard; sourceTree = "<group>"; };
		B9BCAB291FA2EFD9007F9E76 /* Assets.xcassets */ = {isa = PBXFileReference; lastKnownFileType = folder.assetcatalog; path = Assets.xcassets; sourceTree = "<group>"; };
		B9BCAB2C1FA2EFD9007F9E76 /* Base */ = {isa = PBXFileReference; lastKnownFileType = file.storyboard; name = Base; path = Base.lproj/LaunchScreen.storyboard; sourceTree = "<group>"; };
		B9BCAB2E1FA2EFD9007F9E76 /* Info.plist */ = {isa = PBXFileReference; lastKnownFileType = text.plist.xml; path = Info.plist; sourceTree = "<group>"; };
		B9BCAB341FA38712007F9E76 /* jsonParsonDecodableViewController.swift */ = {isa = PBXFileReference; lastKnownFileType = sourcecode.swift; path = jsonParsonDecodableViewController.swift; sourceTree = "<group>"; };
/* End PBXFileReference section */

/* Begin PBXFrameworksBuildPhase section */
		B9BCAB1C1FA2EFD9007F9E76 /* Frameworks */ = {
			isa = PBXFrameworksBuildPhase;
			buildActionMask = 2147483647;
			files = (
			);
			runOnlyForDeploymentPostprocessing = 0;
		};
/* End PBXFrameworksBuildPhase section */

/* Begin PBXGroup section */
		B9BCAB161FA2EFD9007F9E76 = {
			isa = PBXGroup;
			children = (
				B9BCAB211FA2EFD9007F9E76 /* parsingJSON */,
				B9BCAB201FA2EFD9007F9E76 /* Products */,
			);
			sourceTree = "<group>";
		};
		B9BCAB201FA2EFD9007F9E76 /* Products */ = {
			isa = PBXGroup;
			children = (
				B9BCAB1F1FA2EFD9007F9E76 /* parsingJSON.app */,
			);
			name = Products;
			sourceTree = "<group>";
		};
		B9BCAB211FA2EFD9007F9E76 /* parsingJSON */ = {
			isa = PBXGroup;
			children = (
				B9BCAB221FA2EFD9007F9E76 /* AppDelegate.swift */,
				B9BCAB241FA2EFD9007F9E76 /* ViewController.swift */,
				B9BCAB341FA38712007F9E76 /* jsonParsonDecodableViewController.swift */,
				B9A4909C1FA3CD33008199C2 /* JokeViewController.swift */,
				B9A4909E1FA3DF71008199C2 /* AnimeViewController.swift */,
				B9BCAB261FA2EFD9007F9E76 /* Main.storyboard */,
				B9BCAB291FA2EFD9007F9E76 /* Assets.xcassets */,
				B9BCAB2B1FA2EFD9007F9E76 /* LaunchScreen.storyboard */,
				B9BCAB2E1FA2EFD9007F9E76 /* Info.plist */,
			);
			path = parsingJSON;
			sourceTree = "<group>";
		};
/* End PBXGroup section */

/* Begin PBXNativeTarget section */
		B9BCAB1E1FA2EFD9007F9E76 /* parsingJSON */ = {
			isa = PBXNativeTarget;
			buildConfigurationList = B9BCAB311FA2EFD9007F9E76 /* Build configuration list for PBXNativeTarget "parsingJSON" */;
			buildPhases = (
				B9BCAB1B1FA2EFD9007F9E76 /* Sources */,
				B9BCAB1C1FA2EFD9007F9E76 /* Frameworks */,
				B9BCAB1D1FA2EFD9007F9E76 /* Resources */,
			);
			buildRules = (
			);
			dependencies = (
			);
			name = parsingJSON;
			productName = parsingJSON;
			productReference = B9BCAB1F1FA2EFD9007F9E76 /* parsingJSON.app */;
			productType = "com.apple.product-type.application";
		};
/* End PBXNativeTarget section */

/* Begin PBXProject section */
		B9BCAB171FA2EFD9007F9E76 /* Project object */ = {
			isa = PBXProject;
			attributes = {
				LastSwiftUpdateCheck = 0900;
				LastUpgradeCheck = 0900;
				ORGANIZATIONNAME = "Phyllis Wong";
				TargetAttributes = {
					B9BCAB1E1FA2EFD9007F9E76 = {
						CreatedOnToolsVersion = 9.0.1;
						ProvisioningStyle = Automatic;
					};
				};
			};
			buildConfigurationList = B9BCAB1A1FA2EFD9007F9E76 /* Build configuration list for PBXProject "parsingJSON" */;
			compatibilityVersion = "Xcode 8.0";
			developmentRegion = en;
			hasScannedForEncodings = 0;
			knownRegions = (
				en,
				Base,
			);
			mainGroup = B9BCAB161FA2EFD9007F9E76;
			productRefGroup = B9BCAB201FA2EFD9007F9E76 /* Products */;
			projectDirPath = "";
			projectRoot = "";
			targets = (
				B9BCAB1E1FA2EFD9007F9E76 /* parsingJSON */,
			);
		};
/* End PBXProject section */

/* Begin PBXResourcesBuildPhase section */
		B9BCAB1D1FA2EFD9007F9E76 /* Resources */ = {
			isa = PBXResourcesBuildPhase;
			buildActionMask = 2147483647;
			files = (
				B9BCAB2D1FA2EFD9007F9E76 /* LaunchScreen.storyboard in Resources */,
				B9BCAB2A1FA2EFD9007F9E76 /* Assets.xcassets in Resources */,
				B9BCAB281FA2EFD9007F9E76 /* Main.storyboard in Resources */,
			);
			runOnlyForDeploymentPostprocessing = 0;
		};
/* End PBXResourcesBuildPhase section */

/* Begin PBXSourcesBuildPhase section */
		B9BCAB1B1FA2EFD9007F9E76 /* Sources */ = {
			isa = PBXSourcesBuildPhase;
			buildActionMask = 2147483647;
			files = (
				B9BCAB251FA2EFD9007F9E76 /* ViewController.swift in Sources */,
				B9A4909F1FA3DF71008199C2 /* AnimeViewController.swift in Sources */,
				B9BCAB231FA2EFD9007F9E76 /* AppDelegate.swift in Sources */,
				B9BCAB351FA38712007F9E76 /* jsonParsonDecodableViewController.swift in Sources */,
				B9A4909D1FA3CD33008199C2 /* JokeViewController.swift in Sources */,
			);
			runOnlyForDeploymentPostprocessing = 0;
		};
/* End PBXSourcesBuildPhase section */

/* Begin PBXVariantGroup section */
		B9BCAB261FA2EFD9007F9E76 /* Main.storyboard */ = {
			isa = PBXVariantGroup;
			children = (
				B9BCAB271FA2EFD9007F9E76 /* Base */,
			);
			name = Main.storyboard;
			sourceTree = "<group>";
		};
		B9BCAB2B1FA2EFD9007F9E76 /* LaunchScreen.storyboard */ = {
			isa = PBXVariantGroup;
			children = (
				B9BCAB2C1FA2EFD9007F9E76 /* Base */,
			);
			name = LaunchScreen.storyboard;
			sourceTree = "<group>";
		};
/* End PBXVariantGroup section */

/* Begin XCBuildConfiguration section */
		B9BCAB2F1FA2EFD9007F9E76 /* Debug */ = {
			isa = XCBuildConfiguration;
			buildSettings = {
				ALWAYS_SEARCH_USER_PATHS = NO;
				CLANG_ANALYZER_NONNULL = YES;
				CLANG_ANALYZER_NUMBER_OBJECT_CONVERSION = YES_AGGRESSIVE;
				CLANG_CXX_LANGUAGE_STANDARD = "gnu++14";
				CLANG_CXX_LIBRARY = "libc++";
				CLANG_ENABLE_MODULES = YES;
				CLANG_ENABLE_OBJC_ARC = YES;
				CLANG_WARN_BLOCK_CAPTURE_AUTORELEASING = YES;
				CLANG_WARN_BOOL_CONVERSION = YES;
				CLANG_WARN_COMMA = YES;
				CLANG_WARN_CONSTANT_CONVERSION = YES;
				CLANG_WARN_DIRECT_OBJC_ISA_USAGE = YES_ERROR;
				CLANG_WARN_DOCUMENTATION_COMMENTS = YES;
				CLANG_WARN_EMPTY_BODY = YES;
				CLANG_WARN_ENUM_CONVERSION = YES;
				CLANG_WARN_INFINITE_RECURSION = YES;
				CLANG_WARN_INT_CONVERSION = YES;
				CLANG_WARN_NON_LITERAL_NULL_CONVERSION = YES;
				CLANG_WARN_OBJC_LITERAL_CONVERSION = YES;
				CLANG_WARN_OBJC_ROOT_CLASS = YES_ERROR;
				CLANG_WARN_RANGE_LOOP_ANALYSIS = YES;
				CLANG_WARN_STRICT_PROTOTYPES = YES;
				CLANG_WARN_SUSPICIOUS_MOVE = YES;
				CLANG_WARN_UNGUARDED_AVAILABILITY = YES_AGGRESSIVE;
				CLANG_WARN_UNREACHABLE_CODE = YES;
				CLANG_WARN__DUPLICATE_METHOD_MATCH = YES;
				CODE_SIGN_IDENTITY = "iPhone Developer";
				COPY_PHASE_STRIP = NO;
				DEBUG_INFORMATION_FORMAT = dwarf;
				ENABLE_STRICT_OBJC_MSGSEND = YES;
				ENABLE_TESTABILITY = YES;
				GCC_C_LANGUAGE_STANDARD = gnu11;
				GCC_DYNAMIC_NO_PIC = NO;
				GCC_NO_COMMON_BLOCKS = YES;
				GCC_OPTIMIZATION_LEVEL = 0;
				GCC_PREPROCESSOR_DEFINITIONS = (
					"DEBUG=1",
					"$(inherited)",
				);
				GCC_WARN_64_TO_32_BIT_CONVERSION = YES;
				GCC_WARN_ABOUT_RETURN_TYPE = YES_ERROR;
				GCC_WARN_UNDECLARED_SELECTOR = YES;
				GCC_WARN_UNINITIALIZED_AUTOS = YES_AGGRESSIVE;
				GCC_WARN_UNUSED_FUNCTION = YES;
				GCC_WARN_UNUSED_VARIABLE = YES;
				IPHONEOS_DEPLOYMENT_TARGET = 11.0;
				MTL_ENABLE_DEBUG_INFO = YES;
				ONLY_ACTIVE_ARCH = YES;
				SDKROOT = iphoneos;
				SWIFT_ACTIVE_COMPILATION_CONDITIONS = DEBUG;
				SWIFT_OPTIMIZATION_LEVEL = "-Onone";
			};
			name = Debug;
		};
		B9BCAB301FA2EFD9007F9E76 /* Release */ = {
			isa = XCBuildConfiguration;
			buildSettings = {
				ALWAYS_SEARCH_USER_PATHS = NO;
				CLANG_ANALYZER_NONNULL = YES;
				CLANG_ANALYZER_NUMBER_OBJECT_CONVERSION = YES_AGGRESSIVE;
				CLANG_CXX_LANGUAGE_STANDARD = "gnu++14";
				CLANG_CXX_LIBRARY = "libc++";
				CLANG_ENABLE_MODULES = YES;
				CLANG_ENABLE_OBJC_ARC = YES;
				CLANG_WARN_BLOCK_CAPTURE_AUTORELEASING = YES;
				CLANG_WARN_BOOL_CONVERSION = YES;
				CLANG_WARN_COMMA = YES;
				CLANG_WARN_CONSTANT_CONVERSION = YES;
				CLANG_WARN_DIRECT_OBJC_ISA_USAGE = YES_ERROR;
				CLANG_WARN_DOCUMENTATION_COMMENTS = YES;
				CLANG_WARN_EMPTY_BODY = YES;
				CLANG_WARN_ENUM_CONVERSION = YES;
				CLANG_WARN_INFINITE_RECURSION = YES;
				CLANG_WARN_INT_CONVERSION = YES;
				CLANG_WARN_NON_LITERAL_NULL_CONVERSION = YES;
				CLANG_WARN_OBJC_LITERAL_CONVERSION = YES;
				CLANG_WARN_OBJC_ROOT_CLASS = YES_ERROR;
				CLANG_WARN_RANGE_LOOP_ANALYSIS = YES;
				CLANG_WARN_STRICT_PROTOTYPES = YES;
				CLANG_WARN_SUSPICIOUS_MOVE = YES;
				CLANG_WARN_UNGUARDED_AVAILABILITY = YES_AGGRESSIVE;
				CLANG_WARN_UNREACHABLE_CODE = YES;
				CLANG_WARN__DUPLICATE_METHOD_MATCH = YES;
				CODE_SIGN_IDENTITY = "iPhone Developer";
				COPY_PHASE_STRIP = NO;
				DEBUG_INFORMATION_FORMAT = "dwarf-with-dsym";
				ENABLE_NS_ASSERTIONS = NO;
				ENABLE_STRICT_OBJC_MSGSEND = YES;
				GCC_C_LANGUAGE_STANDARD = gnu11;
				GCC_NO_COMMON_BLOCKS = YES;
				GCC_WARN_64_TO_32_BIT_CONVERSION = YES;
				GCC_WARN_ABOUT_RETURN_TYPE = YES_ERROR;
				GCC_WARN_UNDECLARED_SELECTOR = YES;
				GCC_WARN_UNINITIALIZED_AUTOS = YES_AGGRESSIVE;
				GCC_WARN_UNUSED_FUNCTION = YES;
				GCC_WARN_UNUSED_VARIABLE = YES;
				IPHONEOS_DEPLOYMENT_TARGET = 11.0;
				MTL_ENABLE_DEBUG_INFO = NO;
				SDKROOT = iphoneos;
				SWIFT_OPTIMIZATION_LEVEL = "-Owholemodule";
				VALIDATE_PRODUCT = YES;
			};
			name = Release;
		};
		B9BCAB321FA2EFD9007F9E76 /* Debug */ = {
			isa = XCBuildConfiguration;
			buildSettings = {
				ASSETCATALOG_COMPILER_APPICON_NAME = AppIcon;
				CODE_SIGN_STYLE = Automatic;
				INFOPLIST_FILE = parsingJSON/Info.plist;
				LD_RUNPATH_SEARCH_PATHS = "$(inherited) @executable_path/Frameworks";
				PRODUCT_BUNDLE_IDENTIFIER = com.phyllisApps.parsingJSON;
				PRODUCT_NAME = "$(TARGET_NAME)";
				SWIFT_VERSION = 4.0;
				TARGETED_DEVICE_FAMILY = "1,2";
			};
			name = Debug;
		};
		B9BCAB331FA2EFD9007F9E76 /* Release */ = {
			isa = XCBuildConfiguration;
			buildSettings = {
				ASSETCATALOG_COMPILER_APPICON_NAME = AppIcon;
				CODE_SIGN_STYLE = Automatic;
				INFOPLIST_FILE = parsingJSON/Info.plist;
				LD_RUNPATH_SEARCH_PATHS = "$(inherited) @executable_path/Frameworks";
				PRODUCT_BUNDLE_IDENTIFIER = com.phyllisApps.parsingJSON;
				PRODUCT_NAME = "$(TARGET_NAME)";
				SWIFT_VERSION = 4.0;
				TARGETED_DEVICE_FAMILY = "1,2";
			};
			name = Release;
		};
/* End XCBuildConfiguration section */

/* Begin XCConfigurationList section */
		B9BCAB1A1FA2EFD9007F9E76 /* Build configuration list for PBXProject "parsingJSON" */ = {
			isa = XCConfigurationList;
			buildConfigurations = (
				B9BCAB2F1FA2EFD9007F9E76 /* Debug */,
				B9BCAB301FA2EFD9007F9E76 /* Release */,
			);
			defaultConfigurationIsVisible = 0;
			defaultConfigurationName = Release;
		};
		B9BCAB311FA2EFD9007F9E76 /* Build configuration list for PBXNativeTarget "parsingJSON" */ = {
			isa = XCConfigurationList;
			buildConfigurations = (
				B9BCAB321FA2EFD9007F9E76 /* Debug */,
				B9BCAB331FA2EFD9007F9E76 /* Release */,
			);
			defaultConfigurationIsVisible = 0;
			defaultConfigurationName = Release;
		};
/* End XCConfigurationList section */
	};
	rootObject = B9BCAB171FA2EFD9007F9E76 /* Project object */;
}
